
Microsoft Visual Studio Solution File, Format Version 12.00
# Visual Studio Version 17
VisualStudioVersion = 17.0.32014.148
MinimumVisualStudioVersion = 10.0.40219.1
Project("{FAE04EC0-301F-11D3-BF4B-00C04F79EFBC}") = "Sort-Linkedlist-After-Add-v2(edit)", "Sort-Linkedlist-After-Add-v2(edit)\Sort-Linkedlist-After-Add-v2(edit).csproj", "{3BED72F9-2664-4876-93AC-9640810D7956}"
EndProject
Global
	GlobalSection(SolutionConfigurationPlatforms) = preSolution
		Debug|Any CPU = Debug|Any CPU
		Release|Any CPU = Release|Any CPU
	EndGlobalSection
	GlobalSection(ProjectConfigurationPlatforms) = postSolution
		{3BED72F9-2664-4876-93AC-9640810D7956}.Debug|Any CPU.ActiveCfg = Debug|Any CPU
		{3BED72F9-2664-4876-93AC-9640810D7956}.Debug|Any CPU.Build.0 = Debug|Any CPU
		{3BED72F9-2664-4876-93AC-9640810D7956}.Release|Any CPU.ActiveCfg = Release|Any CPU
		{3BED72F9-2664-4876-93AC-9640810D7956}.Release|Any CPU.Build.0 = Release|Any CPU
	EndGlobalSection
	GlobalSection(SolutionProperties) = preSolution
		HideSolutionNode = FALSE
	EndGlobalSection
	GlobalSection(ExtensibilityGlobals) = postSolution
		SolutionGuid = {6B32530F-D7BC-4FA5-B740-F1671608ED1D}
	EndGlobalSection
EndGlobal
